
Microsoft Visual Studio Solution File, Format Version 12.00
# Visual Studio Version 17
VisualStudioVersion = 17.6.33829.357
MinimumVisualStudioVersion = 10.0.40219.1
Project("{FAE04EC0-301F-11D3-BF4B-00C04F79EFBC}") = "cookie_authentication", "cookie_authentication.csproj", "{306EE806-7961-4E2D-A043-4AD444DEB234}"
EndProject
Global
	GlobalSection(SolutionConfigurationPlatforms) = preSolution
		Debug|Any CPU = Debug|Any CPU
		Release|Any CPU = Release|Any CPU
	EndGlobalSection
	GlobalSection(ProjectConfigurationPlatforms) = postSolution
		{306EE806-7961-4E2D-A043-4AD444DEB234}.Debug|Any CPU.ActiveCfg = Debug|Any CPU
		{306EE806-7961-4E2D-A043-4AD444DEB234}.Debug|Any CPU.Build.0 = Debug|Any CPU
		{306EE806-7961-4E2D-A043-4AD444DEB234}.Release|Any CPU.ActiveCfg = Release|Any CPU
		{306EE806-7961-4E2D-A043-4AD444DEB234}.Release|Any CPU.Build.0 = Release|Any CPU
	EndGlobalSection
	GlobalSection(SolutionProperties) = preSolution
		HideSolutionNode = FALSE
	EndGlobalSection
	GlobalSection(ExtensibilityGlobals) = postSolution
		SolutionGuid = {CB6F8BE9-ABF7-4182-B633-392711812202}
	EndGlobalSection
EndGlobal
